
Microsoft Visual Studio Solution File, Format Version 12.00
# Visual Studio Version 17
VisualStudioVersion = 17.5.002.0
MinimumVisualStudioVersion = 10.0.40219.1
Project("{9A19103F-16F7-4668-BE54-9A1E7A4F7556}") = "troca_posicao", "troca_posicao.csproj", "{632F1166-7C3E-4ACE-A82C-FEEAB1D8DC4C}"
EndProject
Global
	GlobalSection(SolutionConfigurationPlatforms) = preSolution
		Debug|Any CPU = Debug|Any CPU
		Release|Any CPU = Release|Any CPU
	EndGlobalSection
	GlobalSection(ProjectConfigurationPlatforms) = postSolution
		{632F1166-7C3E-4ACE-A82C-FEEAB1D8DC4C}.Debug|Any CPU.ActiveCfg = Debug|Any CPU
		{632F1166-7C3E-4ACE-A82C-FEEAB1D8DC4C}.Debug|Any CPU.Build.0 = Debug|Any CPU
		{632F1166-7C3E-4ACE-A82C-FEEAB1D8DC4C}.Release|Any CPU.ActiveCfg = Release|Any CPU
		{632F1166-7C3E-4ACE-A82C-FEEAB1D8DC4C}.Release|Any CPU.Build.0 = Release|Any CPU
	EndGlobalSection
	GlobalSection(SolutionProperties) = preSolution
		HideSolutionNode = FALSE
	EndGlobalSection
	GlobalSection(ExtensibilityGlobals) = postSolution
		SolutionGuid = {989F2F57-422A-43A8-AA54-C7D1A42ADB67}
	EndGlobalSection
EndGlobal
