
Microsoft Visual Studio Solution File, Format Version 12.00
# Visual Studio Version 17
VisualStudioVersion = 17.5.002.0
MinimumVisualStudioVersion = 10.0.40219.1
Project("{9A19103F-16F7-4668-BE54-9A1E7A4F7556}") = "login", "login.csproj", "{DE85B3AD-7691-4255-9C85-8D0FDC29741F}"
EndProject
Global
	GlobalSection(SolutionConfigurationPlatforms) = preSolution
		Debug|Any CPU = Debug|Any CPU
		Release|Any CPU = Release|Any CPU
	EndGlobalSection
	GlobalSection(ProjectConfigurationPlatforms) = postSolution
		{DE85B3AD-7691-4255-9C85-8D0FDC29741F}.Debug|Any CPU.ActiveCfg = Debug|Any CPU
		{DE85B3AD-7691-4255-9C85-8D0FDC29741F}.Debug|Any CPU.Build.0 = Debug|Any CPU
		{DE85B3AD-7691-4255-9C85-8D0FDC29741F}.Release|Any CPU.ActiveCfg = Release|Any CPU
		{DE85B3AD-7691-4255-9C85-8D0FDC29741F}.Release|Any CPU.Build.0 = Release|Any CPU
	EndGlobalSection
	GlobalSection(SolutionProperties) = preSolution
		HideSolutionNode = FALSE
	EndGlobalSection
	GlobalSection(ExtensibilityGlobals) = postSolution
		SolutionGuid = {64C6EA0A-E865-4C68-B500-340F2313AE80}
	EndGlobalSection
EndGlobal
