
Microsoft Visual Studio Solution File, Format Version 12.00
# Visual Studio Version 17
VisualStudioVersion = 17.5.002.0
MinimumVisualStudioVersion = 10.0.40219.1
Project("{9A19103F-16F7-4668-BE54-9A1E7A4F7556}") = "valor0", "valor0.csproj", "{975FC946-29B5-41DF-BCE3-0A8CF2CA541A}"
EndProject
Global
	GlobalSection(SolutionConfigurationPlatforms) = preSolution
		Debug|Any CPU = Debug|Any CPU
		Release|Any CPU = Release|Any CPU
	EndGlobalSection
	GlobalSection(ProjectConfigurationPlatforms) = postSolution
		{975FC946-29B5-41DF-BCE3-0A8CF2CA541A}.Debug|Any CPU.ActiveCfg = Debug|Any CPU
		{975FC946-29B5-41DF-BCE3-0A8CF2CA541A}.Debug|Any CPU.Build.0 = Debug|Any CPU
		{975FC946-29B5-41DF-BCE3-0A8CF2CA541A}.Release|Any CPU.ActiveCfg = Release|Any CPU
		{975FC946-29B5-41DF-BCE3-0A8CF2CA541A}.Release|Any CPU.Build.0 = Release|Any CPU
	EndGlobalSection
	GlobalSection(SolutionProperties) = preSolution
		HideSolutionNode = FALSE
	EndGlobalSection
	GlobalSection(ExtensibilityGlobals) = postSolution
		SolutionGuid = {254CF20B-0794-4009-B84E-DB8C20AFD7F4}
	EndGlobalSection
EndGlobal
